
Microsoft Visual Studio Solution File, Format Version 12.00
# Visual Studio 15
VisualStudioVersion = 15.0.26124.0
MinimumVisualStudioVersion = 15.0.26124.0
Project("{F2A71F9B-5D33-465A-A702-920D77279786}") = "Optml.Html.Fable", "Optml.Html.Fable\Optml.Html.Fable.fsproj", "{8522584C-3A0C-45DE-908E-4030987FD45E}"
EndProject
Project("{F2A71F9B-5D33-465A-A702-920D77279786}") = "Optml.Html.Fable.Tests", "Optml.Html.Fable.Tests\Optml.Html.Fable.Tests.fsproj", "{919CDD75-14C6-4C40-A498-52A1E0E546BD}"
EndProject
Global
	GlobalSection(SolutionConfigurationPlatforms) = preSolution
		Debug|Any CPU = Debug|Any CPU
		Debug|x64 = Debug|x64
		Debug|x86 = Debug|x86
		Release|Any CPU = Release|Any CPU
		Release|x64 = Release|x64
		Release|x86 = Release|x86
	EndGlobalSection
	GlobalSection(SolutionProperties) = preSolution
		HideSolutionNode = FALSE
	EndGlobalSection
	GlobalSection(ProjectConfigurationPlatforms) = postSolution
		{8522584C-3A0C-45DE-908E-4030987FD45E}.Debug|Any CPU.ActiveCfg = Debug|Any CPU
		{8522584C-3A0C-45DE-908E-4030987FD45E}.Debug|Any CPU.Build.0 = Debug|Any CPU
		{8522584C-3A0C-45DE-908E-4030987FD45E}.Debug|x64.ActiveCfg = Debug|Any CPU
		{8522584C-3A0C-45DE-908E-4030987FD45E}.Debug|x64.Build.0 = Debug|Any CPU
		{8522584C-3A0C-45DE-908E-4030987FD45E}.Debug|x86.ActiveCfg = Debug|Any CPU
		{8522584C-3A0C-45DE-908E-4030987FD45E}.Debug|x86.Build.0 = Debug|Any CPU
		{8522584C-3A0C-45DE-908E-4030987FD45E}.Release|Any CPU.ActiveCfg = Release|Any CPU
		{8522584C-3A0C-45DE-908E-4030987FD45E}.Release|Any CPU.Build.0 = Release|Any CPU
		{8522584C-3A0C-45DE-908E-4030987FD45E}.Release|x64.ActiveCfg = Release|Any CPU
		{8522584C-3A0C-45DE-908E-4030987FD45E}.Release|x64.Build.0 = Release|Any CPU
		{8522584C-3A0C-45DE-908E-4030987FD45E}.Release|x86.ActiveCfg = Release|Any CPU
		{8522584C-3A0C-45DE-908E-4030987FD45E}.Release|x86.Build.0 = Release|Any CPU
		{919CDD75-14C6-4C40-A498-52A1E0E546BD}.Debug|Any CPU.ActiveCfg = Debug|Any CPU
		{919CDD75-14C6-4C40-A498-52A1E0E546BD}.Debug|Any CPU.Build.0 = Debug|Any CPU
		{919CDD75-14C6-4C40-A498-52A1E0E546BD}.Debug|x64.ActiveCfg = Debug|Any CPU
		{919CDD75-14C6-4C40-A498-52A1E0E546BD}.Debug|x64.Build.0 = Debug|Any CPU
		{919CDD75-14C6-4C40-A498-52A1E0E546BD}.Debug|x86.ActiveCfg = Debug|Any CPU
		{919CDD75-14C6-4C40-A498-52A1E0E546BD}.Debug|x86.Build.0 = Debug|Any CPU
		{919CDD75-14C6-4C40-A498-52A1E0E546BD}.Release|Any CPU.ActiveCfg = Release|Any CPU
		{919CDD75-14C6-4C40-A498-52A1E0E546BD}.Release|Any CPU.Build.0 = Release|Any CPU
		{919CDD75-14C6-4C40-A498-52A1E0E546BD}.Release|x64.ActiveCfg = Release|Any CPU
		{919CDD75-14C6-4C40-A498-52A1E0E546BD}.Release|x64.Build.0 = Release|Any CPU
		{919CDD75-14C6-4C40-A498-52A1E0E546BD}.Release|x86.ActiveCfg = Release|Any CPU
		{919CDD75-14C6-4C40-A498-52A1E0E546BD}.Release|x86.Build.0 = Release|Any CPU
	EndGlobalSection
EndGlobal
